// !$*UTF8*$!
{
	archiveVersion = 1;
	classes = {
	};
	objectVersion = 46;
	objects = {

/* Begin PBXBuildFile section */
		F5A16BF31D6C38D7009E2DD7 /* AppDelegate.swift in Sources */ = {isa = PBXBuildFile; fileRef = F5A16BF21D6C38D7009E2DD7 /* AppDelegate.swift */; };
		F5A16BF51D6C38D7009E2DD7 /* ViewController.swift in Sources */ = {isa = PBXBuildFile; fileRef = F5A16BF41D6C38D7009E2DD7 /* ViewController.swift */; };
		F5A16BF81D6C38D7009E2DD7 /* Main.storyboard in Resources */ = {isa = PBXBuildFile; fileRef = F5A16BF61D6C38D7009E2DD7 /* Main.storyboard */; };
		F5A16BFA1D6C38D7009E2DD7 /* Assets.xcassets in Resources */ = {isa = PBXBuildFile; fileRef = F5A16BF91D6C38D7009E2DD7 /* Assets.xcassets */; };
		F5A16BFD1D6C38D7009E2DD7 /* LaunchScreen.storyboard in Resources */ = {isa = PBXBuildFile; fileRef = F5A16BFB1D6C38D7009E2DD7 /* LaunchScreen.storyboard */; };
		F5A16C061D6C395C009E2DD7 /* ZingMp3.png in Resources */ = {isa = PBXBuildFile; fileRef = F5A16C051D6C395C009E2DD7 /* ZingMp3.png */; };
		F5A16C081D6C396D009E2DD7 /* background.jpg in Resources */ = {isa = PBXBuildFile; fileRef = F5A16C071D6C396D009E2DD7 /* background.jpg */; };
		F5A16C0C1D6C3DE3009E2DD7 /* music.mp3 in Resources */ = {isa = PBXBuildFile; fileRef = F5A16C0B1D6C3DE3009E2DD7 /* music.mp3 */; };
		F5A16C101D6C4182009E2DD7 /* pause.png in Resources */ = {isa = PBXBuildFile; fileRef = F5A16C0F1D6C4182009E2DD7 /* pause.png */; };
		F5A16C121D6C4186009E2DD7 /* thumb.png in Resources */ = {isa = PBXBuildFile; fileRef = F5A16C111D6C4186009E2DD7 /* thumb.png */; };
		F5A16C141D6C4193009E2DD7 /* thumbHightLight.png in Resources */ = {isa = PBXBuildFile; fileRef = F5A16C131D6C4193009E2DD7 /* thumbHightLight.png */; };
		F5A16C161D6C4245009E2DD7 /* play.png in Resources */ = {isa = PBXBuildFile; fileRef = F5A16C151D6C4245009E2DD7 /* play.png */; };
		F5A16C181D6C4532009E2DD7 /* music.jpg in Resources */ = {isa = PBXBuildFile; fileRef = F5A16C171D6C4532009E2DD7 /* music.jpg */; };
/* End PBXBuildFile section */

/* Begin PBXFileReference section */
		F5A16BEF1D6C38D7009E2DD7 /* QuickPlayer.app */ = {isa = PBXFileReference; explicitFileType = wrapper.application; includeInIndex = 0; path = QuickPlayer.app; sourceTree = BUILT_PRODUCTS_DIR; };
		F5A16BF21D6C38D7009E2DD7 /* AppDelegate.swift */ = {isa = PBXFileReference; lastKnownFileType = sourcecode.swift; path = AppDelegate.swift; sourceTree = "<group>"; };
		F5A16BF41D6C38D7009E2DD7 /* ViewController.swift */ = {isa = PBXFileReference; lastKnownFileType = sourcecode.swift; path = ViewController.swift; sourceTree = "<group>"; };
		F5A16BF71D6C38D7009E2DD7 /* Base */ = {isa = PBXFileReference; lastKnownFileType = file.storyboard; name = Base; path = Base.lproj/Main.storyboard; sourceTree = "<group>"; };
		F5A16BF91D6C38D7009E2DD7 /* Assets.xcassets */ = {isa = PBXFileReference; lastKnownFileType = folder.assetcatalog; path = Assets.xcassets; sourceTree = "<group>"; };
		F5A16BFC1D6C38D7009E2DD7 /* Base */ = {isa = PBXFileReference; lastKnownFileType = file.storyboard; name = Base; path = Base.lproj/LaunchScreen.storyboard; sourceTree = "<group>"; };
		F5A16BFE1D6C38D7009E2DD7 /* Info.plist */ = {isa = PBXFileReference; lastKnownFileType = text.plist.xml; path = Info.plist; sourceTree = "<group>"; };
		F5A16C051D6C395C009E2DD7 /* ZingMp3.png */ = {isa = PBXFileReference; lastKnownFileType = image.png; path = ZingMp3.png; sourceTree = "<group>"; };
		F5A16C071D6C396D009E2DD7 /* background.jpg */ = {isa = PBXFileReference; lastKnownFileType = image.jpeg; path = background.jpg; sourceTree = "<group>"; };
		F5A16C0B1D6C3DE3009E2DD7 /* music.mp3 */ = {isa = PBXFileReference; lastKnownFileType = audio.mp3; path = music.mp3; sourceTree = "<group>"; };
		F5A16C0F1D6C4182009E2DD7 /* pause.png */ = {isa = PBXFileReference; lastKnownFileType = image.png; path = pause.png; sourceTree = "<group>"; };
		F5A16C111D6C4186009E2DD7 /* thumb.png */ = {isa = PBXFileReference; lastKnownFileType = image.png; path = thumb.png; sourceTree = "<group>"; };
		F5A16C131D6C4193009E2DD7 /* thumbHightLight.png */ = {isa = PBXFileReference; lastKnownFileType = image.png; path = thumbHightLight.png; sourceTree = "<group>"; };
		F5A16C151D6C4245009E2DD7 /* play.png */ = {isa = PBXFileReference; lastKnownFileType = image.png; path = play.png; sourceTree = "<group>"; };
		F5A16C171D6C4532009E2DD7 /* music.jpg */ = {isa = PBXFileReference; lastKnownFileType = image.jpeg; path = music.jpg; sourceTree = "<group>"; };
/* End PBXFileReference section */

/* Begin PBXFrameworksBuildPhase section */
		F5A16BEC1D6C38D7009E2DD7 /* Frameworks */ = {
			isa = PBXFrameworksBuildPhase;
			buildActionMask = 2147483647;
			files = (
			);
			runOnlyForDeploymentPostprocessing = 0;
		};
/* End PBXFrameworksBuildPhase section */

/* Begin PBXGroup section */
		F5A16BE61D6C38D7009E2DD7 = {
			isa = PBXGroup;
			children = (
				F5A16BF11D6C38D7009E2DD7 /* QuickPlayer */,
				F5A16BF01D6C38D7009E2DD7 /* Products */,
			);
			sourceTree = "<group>";
		};
		F5A16BF01D6C38D7009E2DD7 /* Products */ = {
			isa = PBXGroup;
			children = (
				F5A16BEF1D6C38D7009E2DD7 /* QuickPlayer.app */,
			);
			name = Products;
			sourceTree = "<group>";
		};
		F5A16BF11D6C38D7009E2DD7 /* QuickPlayer */ = {
			isa = PBXGroup;
			children = (
				F5A16C0B1D6C3DE3009E2DD7 /* music.mp3 */,
				F5A16C041D6C394F009E2DD7 /* Image */,
				F5A16BF21D6C38D7009E2DD7 /* AppDelegate.swift */,
				F5A16BF41D6C38D7009E2DD7 /* ViewController.swift */,
				F5A16BF61D6C38D7009E2DD7 /* Main.storyboard */,
				F5A16BF91D6C38D7009E2DD7 /* Assets.xcassets */,
				F5A16BFB1D6C38D7009E2DD7 /* LaunchScreen.storyboard */,
				F5A16BFE1D6C38D7009E2DD7 /* Info.plist */,
			);
			path = QuickPlayer;
			sourceTree = "<group>";
		};
		F5A16C041D6C394F009E2DD7 /* Image */ = {
			isa = PBXGroup;
			children = (
				F5A16C111D6C4186009E2DD7 /* thumb.png */,
				F5A16C171D6C4532009E2DD7 /* music.jpg */,
				F5A16C131D6C4193009E2DD7 /* thumbHightLight.png */,
				F5A16C151D6C4245009E2DD7 /* play.png */,
				F5A16C0F1D6C4182009E2DD7 /* pause.png */,
				F5A16C071D6C396D009E2DD7 /* background.jpg */,
				F5A16C051D6C395C009E2DD7 /* ZingMp3.png */,
			);
			name = Image;
			sourceTree = "<group>";
		};
/* End PBXGroup section */

/* Begin PBXNativeTarget section */
		F5A16BEE1D6C38D7009E2DD7 /* QuickPlayer */ = {
			isa = PBXNativeTarget;
			buildConfigurationList = F5A16C011D6C38D7009E2DD7 /* Build configuration list for PBXNativeTarget "QuickPlayer" */;
			buildPhases = (
				F5A16BEB1D6C38D7009E2DD7 /* Sources */,
				F5A16BEC1D6C38D7009E2DD7 /* Frameworks */,
				F5A16BED1D6C38D7009E2DD7 /* Resources */,
			);
			buildRules = (
			);
			dependencies = (
			);
			name = QuickPlayer;
			productName = QuickPlayer;
			productReference = F5A16BEF1D6C38D7009E2DD7 /* QuickPlayer.app */;
			productType = "com.apple.product-type.application";
		};
/* End PBXNativeTarget section */

/* Begin PBXProject section */
		F5A16BE71D6C38D7009E2DD7 /* Project object */ = {
			isa = PBXProject;
			attributes = {
				LastSwiftUpdateCheck = 0730;
				LastUpgradeCheck = 0730;
				ORGANIZATIONNAME = "Hoàng Minh Thành";
				TargetAttributes = {
					F5A16BEE1D6C38D7009E2DD7 = {
						CreatedOnToolsVersion = 7.3.1;
					};
				};
			};
			buildConfigurationList = F5A16BEA1D6C38D7009E2DD7 /* Build configuration list for PBXProject "QuickPlayer" */;
			compatibilityVersion = "Xcode 3.2";
			developmentRegion = English;
			hasScannedForEncodings = 0;
			knownRegions = (
				en,
				Base,
			);
			mainGroup = F5A16BE61D6C38D7009E2DD7;
			productRefGroup = F5A16BF01D6C38D7009E2DD7 /* Products */;
			projectDirPath = "";
			projectRoot = "";
			targets = (
				F5A16BEE1D6C38D7009E2DD7 /* QuickPlayer */,
			);
		};
/* End PBXProject section */

/* Begin PBXResourcesBuildPhase section */
		F5A16BED1D6C38D7009E2DD7 /* Resources */ = {
			isa = PBXResourcesBuildPhase;
			buildActionMask = 2147483647;
			files = (
				F5A16BFD1D6C38D7009E2DD7 /* LaunchScreen.storyboard in Resources */,
				F5A16C161D6C4245009E2DD7 /* play.png in Resources */,
				F5A16C101D6C4182009E2DD7 /* pause.png in Resources */,
				F5A16C081D6C396D009E2DD7 /* background.jpg in Resources */,
				F5A16BFA1D6C38D7009E2DD7 /* Assets.xcassets in Resources */,
				F5A16C181D6C4532009E2DD7 /* music.jpg in Resources */,
				F5A16C061D6C395C009E2DD7 /* ZingMp3.png in Resources */,
				F5A16C141D6C4193009E2DD7 /* thumbHightLight.png in Resources */,
				F5A16BF81D6C38D7009E2DD7 /* Main.storyboard in Resources */,
				F5A16C0C1D6C3DE3009E2DD7 /* music.mp3 in Resources */,
				F5A16C121D6C4186009E2DD7 /* thumb.png in Resources */,
			);
			runOnlyForDeploymentPostprocessing = 0;
		};
/* End PBXResourcesBuildPhase section */

/* Begin PBXSourcesBuildPhase section */
		F5A16BEB1D6C38D7009E2DD7 /* Sources */ = {
			isa = PBXSourcesBuildPhase;
			buildActionMask = 2147483647;
			files = (
				F5A16BF51D6C38D7009E2DD7 /* ViewController.swift in Sources */,
				F5A16BF31D6C38D7009E2DD7 /* AppDelegate.swift in Sources */,
			);
			runOnlyForDeploymentPostprocessing = 0;
		};
/* End PBXSourcesBuildPhase section */

/* Begin PBXVariantGroup section */
		F5A16BF61D6C38D7009E2DD7 /* Main.storyboard */ = {
			isa = PBXVariantGroup;
			children = (
				F5A16BF71D6C38D7009E2DD7 /* Base */,
			);
			name = Main.storyboard;
			sourceTree = "<group>";
		};
		F5A16BFB1D6C38D7009E2DD7 /* LaunchScreen.storyboard */ = {
			isa = PBXVariantGroup;
			children = (
				F5A16BFC1D6C38D7009E2DD7 /* Base */,
			);
			name = LaunchScreen.storyboard;
			sourceTree = "<group>";
		};
/* End PBXVariantGroup section */

/* Begin XCBuildConfiguration section */
		F5A16BFF1D6C38D7009E2DD7 /* Debug */ = {
			isa = XCBuildConfiguration;
			buildSettings = {
				ALWAYS_SEARCH_USER_PATHS = NO;
				CLANG_ANALYZER_NONNULL = YES;
				CLANG_CXX_LANGUAGE_STANDARD = "gnu++0x";
				CLANG_CXX_LIBRARY = "libc++";
				CLANG_ENABLE_MODULES = YES;
				CLANG_ENABLE_OBJC_ARC = YES;
				CLANG_WARN_BOOL_CONVERSION = YES;
				CLANG_WARN_CONSTANT_CONVERSION = YES;
				CLANG_WARN_DIRECT_OBJC_ISA_USAGE = YES_ERROR;
				CLANG_WARN_EMPTY_BODY = YES;
				CLANG_WARN_ENUM_CONVERSION = YES;
				CLANG_WARN_INT_CONVERSION = YES;
				CLANG_WARN_OBJC_ROOT_CLASS = YES_ERROR;
				CLANG_WARN_UNREACHABLE_CODE = YES;
				CLANG_WARN__DUPLICATE_METHOD_MATCH = YES;
				"CODE_SIGN_IDENTITY[sdk=iphoneos*]" = "iPhone Developer";
				COPY_PHASE_STRIP = NO;
				DEBUG_INFORMATION_FORMAT = dwarf;
				ENABLE_STRICT_OBJC_MSGSEND = YES;
				ENABLE_TESTABILITY = YES;
				GCC_C_LANGUAGE_STANDARD = gnu99;
				GCC_DYNAMIC_NO_PIC = NO;
				GCC_NO_COMMON_BLOCKS = YES;
				GCC_OPTIMIZATION_LEVEL = 0;
				GCC_PREPROCESSOR_DEFINITIONS = (
					"DEBUG=1",
					"$(inherited)",
				);
				GCC_WARN_64_TO_32_BIT_CONVERSION = YES;
				GCC_WARN_ABOUT_RETURN_TYPE = YES_ERROR;
				GCC_WARN_UNDECLARED_SELECTOR = YES;
				GCC_WARN_UNINITIALIZED_AUTOS = YES_AGGRESSIVE;
				GCC_WARN_UNUSED_FUNCTION = YES;
				GCC_WARN_UNUSED_VARIABLE = YES;
				IPHONEOS_DEPLOYMENT_TARGET = 9.3;
				MTL_ENABLE_DEBUG_INFO = YES;
				ONLY_ACTIVE_ARCH = YES;
				SDKROOT = iphoneos;
				SWIFT_OPTIMIZATION_LEVEL = "-Onone";
			};
			name = Debug;
		};
		F5A16C001D6C38D7009E2DD7 /* Release */ = {
			isa = XCBuildConfiguration;
			buildSettings = {
				ALWAYS_SEARCH_USER_PATHS = NO;
				CLANG_ANALYZER_NONNULL = YES;
				CLANG_CXX_LANGUAGE_STANDARD = "gnu++0x";
				CLANG_CXX_LIBRARY = "libc++";
				CLANG_ENABLE_MODULES = YES;
				CLANG_ENABLE_OBJC_ARC = YES;
				CLANG_WARN_BOOL_CONVERSION = YES;
				CLANG_WARN_CONSTANT_CONVERSION = YES;
				CLANG_WARN_DIRECT_OBJC_ISA_USAGE = YES_ERROR;
				CLANG_WARN_EMPTY_BODY = YES;
				CLANG_WARN_ENUM_CONVERSION = YES;
				CLANG_WARN_INT_CONVERSION = YES;
				CLANG_WARN_OBJC_ROOT_CLASS = YES_ERROR;
				CLANG_WARN_UNREACHABLE_CODE = YES;
				CLANG_WARN__DUPLICATE_METHOD_MATCH = YES;
				"CODE_SIGN_IDENTITY[sdk=iphoneos*]" = "iPhone Developer";
				COPY_PHASE_STRIP = NO;
				DEBUG_INFORMATION_FORMAT = "dwarf-with-dsym";
				ENABLE_NS_ASSERTIONS = NO;
				ENABLE_STRICT_OBJC_MSGSEND = YES;
				GCC_C_LANGUAGE_STANDARD = gnu99;
				GCC_NO_COMMON_BLOCKS = YES;
				GCC_WARN_64_TO_32_BIT_CONVERSION = YES;
				GCC_WARN_ABOUT_RETURN_TYPE = YES_ERROR;
				GCC_WARN_UNDECLARED_SELECTOR = YES;
				GCC_WARN_UNINITIALIZED_AUTOS = YES_AGGRESSIVE;
				GCC_WARN_UNUSED_FUNCTION = YES;
				GCC_WARN_UNUSED_VARIABLE = YES;
				IPHONEOS_DEPLOYMENT_TARGET = 9.3;
				MTL_ENABLE_DEBUG_INFO = NO;
				SDKROOT = iphoneos;
				VALIDATE_PRODUCT = YES;
			};
			name = Release;
		};
		F5A16C021D6C38D7009E2DD7 /* Debug */ = {
			isa = XCBuildConfiguration;
			buildSettings = {
				ASSETCATALOG_COMPILER_APPICON_NAME = AppIcon;
				INFOPLIST_FILE = QuickPlayer/Info.plist;
				LD_RUNPATH_SEARCH_PATHS = "$(inherited) @executable_path/Frameworks";
				PRODUCT_BUNDLE_IDENTIFIER = hoangminhthanh.QuickPlayer;
				PRODUCT_NAME = "$(TARGET_NAME)";
			};
			name = Debug;
		};
		F5A16C031D6C38D7009E2DD7 /* Release */ = {
			isa = XCBuildConfiguration;
			buildSettings = {
				ASSETCATALOG_COMPILER_APPICON_NAME = AppIcon;
				INFOPLIST_FILE = QuickPlayer/Info.plist;
				LD_RUNPATH_SEARCH_PATHS = "$(inherited) @executable_path/Frameworks";
				PRODUCT_BUNDLE_IDENTIFIER = hoangminhthanh.QuickPlayer;
				PRODUCT_NAME = "$(TARGET_NAME)";
			};
			name = Release;
		};
/* End XCBuildConfiguration section */

/* Begin XCConfigurationList section */
		F5A16BEA1D6C38D7009E2DD7 /* Build configuration list for PBXProject "QuickPlayer" */ = {
			isa = XCConfigurationList;
			buildConfigurations = (
				F5A16BFF1D6C38D7009E2DD7 /* Debug */,
				F5A16C001D6C38D7009E2DD7 /* Release */,
			);
			defaultConfigurationIsVisible = 0;
			defaultConfigurationName = Release;
		};
		F5A16C011D6C38D7009E2DD7 /* Build configuration list for PBXNativeTarget "QuickPlayer" */ = {
			isa = XCConfigurationList;
			buildConfigurations = (
				F5A16C021D6C38D7009E2DD7 /* Debug */,
				F5A16C031D6C38D7009E2DD7 /* Release */,
			);
			defaultConfigurationIsVisible = 0;
		};
/* End XCConfigurationList section */
	};
	rootObject = F5A16BE71D6C38D7009E2DD7 /* Project object */;
}
